
Microsoft Visual Studio Solution File, Format Version 12.00
# Visual Studio Version 16
VisualStudioVersion = 16.0.32002.261
MinimumVisualStudioVersion = 10.0.40219.1
Project("{FAE04EC0-301F-11D3-BF4B-00C04F79EFBC}") = "AxMC Realms Client", "AxMC Realms Client.csproj", "{89BEFE5D-3EFD-4372-8944-50BEC0773855}"
EndProject
Global
	GlobalSection(SolutionConfigurationPlatforms) = preSolution
		Debug|Any CPU = Debug|Any CPU
		Release|Any CPU = Release|Any CPU
	EndGlobalSection
	GlobalSection(ProjectConfigurationPlatforms) = postSolution
		{89BEFE5D-3EFD-4372-8944-50BEC0773855}.Debug|Any CPU.ActiveCfg = Debug|Any CPU
		{89BEFE5D-3EFD-4372-8944-50BEC0773855}.Debug|Any CPU.Build.0 = Debug|Any CPU
		{89BEFE5D-3EFD-4372-8944-50BEC0773855}.Release|Any CPU.ActiveCfg = Release|Any CPU
		{89BEFE5D-3EFD-4372-8944-50BEC0773855}.Release|Any CPU.Build.0 = Release|Any CPU
	EndGlobalSection
	GlobalSection(SolutionProperties) = preSolution
		HideSolutionNode = FALSE
	EndGlobalSection
	GlobalSection(ExtensibilityGlobals) = postSolution
		SolutionGuid = {057482E2-8B9C-4E17-A8DC-DDE9162F2F75}
	EndGlobalSection
EndGlobal
