
Microsoft Visual Studio Solution File, Format Version 12.00
# Visual Studio Version 17
VisualStudioVersion = 17.3.32825.248
MinimumVisualStudioVersion = 10.0.40219.1
Project("{9A19103F-16F7-4668-BE54-9A1E7A4F7556}") = "AxMC Realms Client", "AxMC Realms Client.csproj", "{EEF72211-F956-4757-AEC5-7929B52E3342}"
EndProject
Project("{9A19103F-16F7-4668-BE54-9A1E7A4F7556}") = "MonoGame.Penumbra.WindowsDX", "penumbra\MonoGame.Penumbra.WindowsDX.csproj", "{296F661C-E00E-40B8-B70A-F3922E67AB2A}"
EndProject
Global
	GlobalSection(SolutionConfigurationPlatforms) = preSolution
		Debug|Any CPU = Debug|Any CPU
		Release|Any CPU = Release|Any CPU
	EndGlobalSection
	GlobalSection(ProjectConfigurationPlatforms) = postSolution
		{EEF72211-F956-4757-AEC5-7929B52E3342}.Debug|Any CPU.ActiveCfg = Debug|Any CPU
		{EEF72211-F956-4757-AEC5-7929B52E3342}.Debug|Any CPU.Build.0 = Debug|Any CPU
		{EEF72211-F956-4757-AEC5-7929B52E3342}.Release|Any CPU.ActiveCfg = Release|Any CPU
		{EEF72211-F956-4757-AEC5-7929B52E3342}.Release|Any CPU.Build.0 = Release|Any CPU
		{296F661C-E00E-40B8-B70A-F3922E67AB2A}.Debug|Any CPU.ActiveCfg = Debug|Any CPU
		{296F661C-E00E-40B8-B70A-F3922E67AB2A}.Debug|Any CPU.Build.0 = Debug|Any CPU
		{296F661C-E00E-40B8-B70A-F3922E67AB2A}.Release|Any CPU.ActiveCfg = Release|Any CPU
		{296F661C-E00E-40B8-B70A-F3922E67AB2A}.Release|Any CPU.Build.0 = Release|Any CPU
	EndGlobalSection
	GlobalSection(SolutionProperties) = preSolution
		HideSolutionNode = FALSE
	EndGlobalSection
	GlobalSection(ExtensibilityGlobals) = postSolution
		SolutionGuid = {EBD4EF37-204C-4EED-A95F-9DAB8E54764D}
	EndGlobalSection
EndGlobal
